<?xml version="1.0" encoding="utf-8"?>
<Project ToolsVersion="4.0" xmlns="http://schemas.microsoft.com/developer/msbuild/2003">
  <ItemGroup>
    <ClCompile Include="DriverPage.cpp" />
    <ClCompile Include="LoginForm.cpp" />
    <ClCompile Include="PrincipalForm.cpp" />
    <ClCompile Include="PublicRouteDriver.cpp" />
    <ClCompile Include="RegisterForm.cpp" />
    <ClCompile Include="SelectRouteDriver.cpp" />
    <ClCompile Include="TripInCourse.cpp" />
    <ClCompile Include="TripRequestToDriverh.cpp" />
    <ClCompile Include="FindTrip.cpp" />
    <ClCompile Include="VehicleForm.cpp" />
    <ClCompile Include="PrincipalFormDriver.cpp" />
    <ClCompile Include="TripDetailsForm.cpp" />
    <ClCompile Include="RealTimeForm.cpp" />
    <ClCompile Include="SelectRoutePassenger.cpp" />
    <ClCompile Include="usersReportForm.cpp" />
    <ClCompile Include="AdvertisementForm.cpp" />
  </ItemGroup>
  <ItemGroup>
    <ClCompile Include="LoginForm.cpp">
      <Filter>Archivos de origen</Filter>
    </ClCompile>
    <ClCompile Include="RegisterForm.cpp">
      <Filter>Archivos de origen</Filter>
    </ClCompile>
    <ClCompile Include="DriverPage.cpp">
      <Filter>Archivos de origen</Filter>
    </ClCompile>
    <ClCompile Include="PublicRouteDriver.cpp">
      <Filter>Archivos de origen</Filter>
    </ClCompile>
    <ClCompile Include="SelectRouteDriver.cpp">
      <Filter>Archivos de origen</Filter>
    </ClCompile>
    <ClCompile Include="TripInCourse.cpp">
      <Filter>Archivos de origen</Filter>
    </ClCompile>
    <ClCompile Include="TripRequestToDriverh.cpp">
      <Filter>Archivos de origen</Filter>
    </ClCompile>
  </ItemGroup>
  <ItemGroup>
    <ClInclude Include="DriverPage.h" />
    <ClInclude Include="FindTrip.h" />
    <ClInclude Include="LoginForm.h" />
    <ClInclude Include="PrincipalForm.h" />
    <ClInclude Include="PublicRouteDriver.h" />
    <ClInclude Include="RegisterForm.h" />
    <ClInclude Include="SelectRouteDriver.h" />
    <ClInclude Include="TripInCourse.h" />
    <ClInclude Include="TripRequestToDriver.h" />
    <ClInclude Include="VehicleForm.h" />
    <ClInclude Include="PrincipalFormDriver.h" />
    <ClInclude Include="TripDetailsForm.h" />
    <ClInclude Include="RealTimeForm.h" />
  </ItemGroup>
</Project>